
Microsoft Visual Studio Solution File, Format Version 12.00
# Visual Studio Version 17
VisualStudioVersion = 17.7.34003.232
MinimumVisualStudioVersion = 10.0.40219.1
Project("{FAE04EC0-301F-11D3-BF4B-00C04F79EFBC}") = "EmployeeOOP", "EmployeeOOP.csproj", "{167D3A02-6F4B-4132-90F7-2A97B2ABFBBD}"
EndProject
Global
	GlobalSection(SolutionConfigurationPlatforms) = preSolution
		Debug|Any CPU = Debug|Any CPU
		Release|Any CPU = Release|Any CPU
	EndGlobalSection
	GlobalSection(ProjectConfigurationPlatforms) = postSolution
		{167D3A02-6F4B-4132-90F7-2A97B2ABFBBD}.Debug|Any CPU.ActiveCfg = Debug|Any CPU
		{167D3A02-6F4B-4132-90F7-2A97B2ABFBBD}.Debug|Any CPU.Build.0 = Debug|Any CPU
		{167D3A02-6F4B-4132-90F7-2A97B2ABFBBD}.Release|Any CPU.ActiveCfg = Release|Any CPU
		{167D3A02-6F4B-4132-90F7-2A97B2ABFBBD}.Release|Any CPU.Build.0 = Release|Any CPU
	EndGlobalSection
	GlobalSection(SolutionProperties) = preSolution
		HideSolutionNode = FALSE
	EndGlobalSection
	GlobalSection(ExtensibilityGlobals) = postSolution
		SolutionGuid = {B9BE4615-1E08-4EC5-B8F9-33B8D4E7DA85}
	EndGlobalSection
EndGlobal
